github.com/microcosm-cc/bluemonday v1.0.2 h1:5lPfLTTAvAbtS0VqT+94yOtFnGfUWYyx0+iToC3Os3s=
github.com/microcosm-cc/bluemonday v1.0.2/go.mod h1:iVP4YcDBq+n/5fb23BhYFvIMq/leAFZyRl6bYmGDlGc=
github.com/pubgo/godom v0.0.2 h1:l9XMQr2N1gsSnV7Y2XZ+Om9Vvv2QQV5evokgdZx+UDQ=
github.com/pubgo/godom v0.0.2/go.mod h1:PEptMNLx/zklT6/kTVtpf01JTlVvPQzkJdYlfe+aCnI=
github.com/pubgo/godom v0.0.3 h1:g3iWO6dSXdtru5gqHlXouUVxnOf7jBX7SJNUChRxMh8=
github.com/pubgo/godom v0.0.3/go.mod h1:PEptMNLx/zklT6/kTVtpf01JTlVvPQzkJdYlfe+aCnI=
github.com/pubgo/godom v0.0.4 h1:q7Re1hcFAly79yR0As/F57jFKWg6O90IkCf1FRFzKe0=
github.com/pubgo/godom v0.0.4/go.mod h1:PEptMNLx/zklT6/kTVtpf01JTlVvPQzkJdYlfe+aCnI=
github.com/pubgo/godom v0.0.6 h1:yDE/aK/SDEa7aCHPW5LsLGsLTYy6HwfhVsVsYvOBQQE=
github.com/pubgo/godom v0.0.6/go.mod h1:PEptMNLx/zklT6/kTVtpf01JTlVvPQzkJdYlfe+aCnI=
github.com/pubgo/godom v0.0.7 h1:SZ0gzFGdx+ohTTO/C8wOZ8Ds7DsScbjGA5vPr0Zs61U=
github.com/pubgo/godom v0.0.7/go.mod h1:PEptMNLx/zklT6/kTVtpf01JTlVvPQzkJdYlfe+aCnI=
github.com/pubgo/godom v0.0.8 h1:I12SZWbBgIFgG8JNeA5xmjNrAYA86/7/jRwaWwJYuDE=
github.com/pubgo/godom v0.0.8/go.mod h1:PEptMNLx/zklT6/kTVtpf01JTlVvPQzkJdYlfe+aCnI=
github.com/pubgo/godom v0.0.10 h1:TRRGrJGwRdbNo98NT2VXQ1qgU2aUQhUPB9CNsOotQwo=
github.com/pubgo/godom v0.0.10/go.mod h1:PEptMNLx/zklT6/kTVtpf01JTlVvPQzkJdYlfe+aCnI=
github.com/pubgo/godom v0.0.11 h1:h3HKekrX/fmlD1/k+q+MbO20AhSLs8Kk25m4EVlsDJo=
github.com/pubgo/godom v0.0.11/go.mod h1:PEptMNLx/zklT6/kTVtpf01JTlVvPQzkJdYlfe+aCnI=
github.com/pubgo/godom v0.0.12 h1:aLw6JeOsGlLDOgs0QvveExMK0RDGkmMN9LSMWSBpZWs=
github.com/pubgo/godom v0.0.12/go.mod h1:PEptMNLx/zklT6/kTVtpf01JTlVvPQzkJdYlfe+aCnI=
github.com/shurcooL/sanitized_anchor_name v1.0.0 h1:PdmoCO6wvbs+7yrJyMORt4/BmY5IYyJwS/kOiWx8mHo=
github.com/shurcooL/sanitized_anchor_name v1.0.0/go.mod h1:1NzhyTcUVG4SuEtjjoZeVRXNmyL/1OwPU0+IJeTBvfc=
github.com/slimsag/blackfriday v2.0.0+incompatible h1:3mjnT4p/+Ow8j8/T6H01S5pxXNPhVuOBzxmAbsszxi4=
github.com/slimsag/blackfriday v2.0.0+incompatible/go.mod h1:K2UwInbJ1ywJkRQ2IMfjP071c3KZu7FiOn2NW97ckKk=
golang.org/x/net v0.0.0-20181220203305-927f97764cc3 h1:eH6Eip3UpmR+yM/qI9Ijluzb1bNv/cAU/n+6l8tRSis=
golang.org/x/net v0.0.0-20181220203305-927f97764cc3/go.mod h1:mL1N/T3taQHkDXs73rZJwtUhF3w3ftmwwsq0BUmARs4=
