github.com/pubgo/godom v0.0.2 h1:l9XMQr2N1gsSnV7Y2XZ+Om9Vvv2QQV5evokgdZx+UDQ=
github.com/pubgo/godom v0.0.2/go.mod h1:PEptMNLx/zklT6/kTVtpf01JTlVvPQzkJdYlfe+aCnI=
github.com/pubgo/godom v0.0.3 h1:g3iWO6dSXdtru5gqHlXouUVxnOf7jBX7SJNUChRxMh8=
github.com/pubgo/godom v0.0.3/go.mod h1:PEptMNLx/zklT6/kTVtpf01JTlVvPQzkJdYlfe+aCnI=
github.com/pubgo/godom v0.0.4 h1:q7Re1hcFAly79yR0As/F57jFKWg6O90IkCf1FRFzKe0=
github.com/pubgo/godom v0.0.4/go.mod h1:PEptMNLx/zklT6/kTVtpf01JTlVvPQzkJdYlfe+aCnI=
